// !$*UTF8*$!
{
	archiveVersion = 1;
	classes = {
	};
	objectVersion = 50;
	objects = {

/* Begin PBXBuildFile section */
		D1ABA0E7216795DF00DD5DF4 /* AppDelegate.swift in Sources */ = {isa = PBXBuildFile; fileRef = D1ABA0E6216795DF00DD5DF4 /* AppDelegate.swift */; };
		D1ABA0E9216795DF00DD5DF4 /* ViewController.swift in Sources */ = {isa = PBXBuildFile; fileRef = D1ABA0E8216795DF00DD5DF4 /* ViewController.swift */; };
		D1ABA0EC216795DF00DD5DF4 /* Main.storyboard in Resources */ = {isa = PBXBuildFile; fileRef = D1ABA0EA216795DF00DD5DF4 /* Main.storyboard */; };
		D1ABA0EE216795E000DD5DF4 /* Assets.xcassets in Resources */ = {isa = PBXBuildFile; fileRef = D1ABA0ED216795E000DD5DF4 /* Assets.xcassets */; };
		D1ABA0F1216795E000DD5DF4 /* LaunchScreen.storyboard in Resources */ = {isa = PBXBuildFile; fileRef = D1ABA0EF216795E000DD5DF4 /* LaunchScreen.storyboard */; };
		D1ABA0FC216795E000DD5DF4 /* DemoTests.swift in Sources */ = {isa = PBXBuildFile; fileRef = D1ABA0FB216795E000DD5DF4 /* DemoTests.swift */; };
		D1ABA107216795E000DD5DF4 /* DemoUITests.swift in Sources */ = {isa = PBXBuildFile; fileRef = D1ABA106216795E000DD5DF4 /* DemoUITests.swift */; };
		D1ABA1392167A49B00DD5DF4 /* BlurKit.framework in Frameworks */ = {isa = PBXBuildFile; fileRef = D1ABA1382167A46400DD5DF4 /* BlurKit.framework */; };
		D1ABA13A2167A49B00DD5DF4 /* BlurKit.framework in Embed Frameworks */ = {isa = PBXBuildFile; fileRef = D1ABA1382167A46400DD5DF4 /* BlurKit.framework */; settings = {ATTRIBUTES = (CodeSignOnCopy, RemoveHeadersOnCopy, ); }; };
/* End PBXBuildFile section */

/* Begin PBXContainerItemProxy section */
		D1ABA0F8216795E000DD5DF4 /* PBXContainerItemProxy */ = {
			isa = PBXContainerItemProxy;
			containerPortal = D1ABA0DB216795DF00DD5DF4 /* Project object */;
			proxyType = 1;
			remoteGlobalIDString = D1ABA0E2216795DF00DD5DF4;
			remoteInfo = Demo;
		};
		D1ABA103216795E000DD5DF4 /* PBXContainerItemProxy */ = {
			isa = PBXContainerItemProxy;
			containerPortal = D1ABA0DB216795DF00DD5DF4 /* Project object */;
			proxyType = 1;
			remoteGlobalIDString = D1ABA0E2216795DF00DD5DF4;
			remoteInfo = Demo;
		};
		D1ABA1372167A46400DD5DF4 /* PBXContainerItemProxy */ = {
			isa = PBXContainerItemProxy;
			containerPortal = D1ABA1332167A46400DD5DF4 /* BlurKit.xcodeproj */;
			proxyType = 2;
			remoteGlobalIDString = D1ABA0CF2167955E00DD5DF4;
			remoteInfo = BlurKit;
		};
		D1ABA13B2167A49B00DD5DF4 /* PBXContainerItemProxy */ = {
			isa = PBXContainerItemProxy;
			containerPortal = D1ABA1332167A46400DD5DF4 /* BlurKit.xcodeproj */;
			proxyType = 1;
			remoteGlobalIDString = D1ABA0CE2167955E00DD5DF4;
			remoteInfo = BlurKit;
		};
/* End PBXContainerItemProxy section */

/* Begin PBXCopyFilesBuildPhase section */
		D1ABA13D2167A49B00DD5DF4 /* Embed Frameworks */ = {
			isa = PBXCopyFilesBuildPhase;
			buildActionMask = 2147483647;
			dstPath = "";
			dstSubfolderSpec = 10;
			files = (
				D1ABA13A2167A49B00DD5DF4 /* BlurKit.framework in Embed Frameworks */,
			);
			name = "Embed Frameworks";
			runOnlyForDeploymentPostprocessing = 0;
		};
/* End PBXCopyFilesBuildPhase section */

/* Begin PBXFileReference section */
		D1ABA0E3216795DF00DD5DF4 /* Demo.app */ = {isa = PBXFileReference; explicitFileType = wrapper.application; includeInIndex = 0; path = Demo.app; sourceTree = BUILT_PRODUCTS_DIR; };
		D1ABA0E6216795DF00DD5DF4 /* AppDelegate.swift */ = {isa = PBXFileReference; lastKnownFileType = sourcecode.swift; path = AppDelegate.swift; sourceTree = "<group>"; };
		D1ABA0E8216795DF00DD5DF4 /* ViewController.swift */ = {isa = PBXFileReference; lastKnownFileType = sourcecode.swift; path = ViewController.swift; sourceTree = "<group>"; };
		D1ABA0EB216795DF00DD5DF4 /* Base */ = {isa = PBXFileReference; lastKnownFileType = file.storyboard; name = Base; path = Base.lproj/Main.storyboard; sourceTree = "<group>"; };
		D1ABA0ED216795E000DD5DF4 /* Assets.xcassets */ = {isa = PBXFileReference; lastKnownFileType = folder.assetcatalog; path = Assets.xcassets; sourceTree = "<group>"; };
		D1ABA0F0216795E000DD5DF4 /* Base */ = {isa = PBXFileReference; lastKnownFileType = file.storyboard; name = Base; path = Base.lproj/LaunchScreen.storyboard; sourceTree = "<group>"; };
		D1ABA0F2216795E000DD5DF4 /* Info.plist */ = {isa = PBXFileReference; lastKnownFileType = text.plist.xml; path = Info.plist; sourceTree = "<group>"; };
		D1ABA0F7216795E000DD5DF4 /* DemoTests.xctest */ = {isa = PBXFileReference; explicitFileType = wrapper.cfbundle; includeInIndex = 0; path = DemoTests.xctest; sourceTree = BUILT_PRODUCTS_DIR; };
		D1ABA0FB216795E000DD5DF4 /* DemoTests.swift */ = {isa = PBXFileReference; lastKnownFileType = sourcecode.swift; path = DemoTests.swift; sourceTree = "<group>"; };
		D1ABA0FD216795E000DD5DF4 /* Info.plist */ = {isa = PBXFileReference; lastKnownFileType = text.plist.xml; path = Info.plist; sourceTree = "<group>"; };
		D1ABA102216795E000DD5DF4 /* DemoUITests.xctest */ = {isa = PBXFileReference; explicitFileType = wrapper.cfbundle; includeInIndex = 0; path = DemoUITests.xctest; sourceTree = BUILT_PRODUCTS_DIR; };
		D1ABA106216795E000DD5DF4 /* DemoUITests.swift */ = {isa = PBXFileReference; lastKnownFileType = sourcecode.swift; path = DemoUITests.swift; sourceTree = "<group>"; };
		D1ABA108216795E000DD5DF4 /* Info.plist */ = {isa = PBXFileReference; lastKnownFileType = text.plist.xml; path = Info.plist; sourceTree = "<group>"; };
		D1ABA1332167A46400DD5DF4 /* BlurKit.xcodeproj */ = {isa = PBXFileReference; lastKnownFileType = "wrapper.pb-project"; name = BlurKit.xcodeproj; path = ../BlurKit.xcodeproj; sourceTree = "<group>"; };
/* End PBXFileReference section */

/* Begin PBXFrameworksBuildPhase section */
		D1ABA0E0216795DF00DD5DF4 /* Frameworks */ = {
			isa = PBXFrameworksBuildPhase;
			buildActionMask = 2147483647;
			files = (
				D1ABA1392167A49B00DD5DF4 /* BlurKit.framework in Frameworks */,
			);
			runOnlyForDeploymentPostprocessing = 0;
		};
		D1ABA0F4216795E000DD5DF4 /* Frameworks */ = {
			isa = PBXFrameworksBuildPhase;
			buildActionMask = 2147483647;
			files = (
			);
			runOnlyForDeploymentPostprocessing = 0;
		};
		D1ABA0FF216795E000DD5DF4 /* Frameworks */ = {
			isa = PBXFrameworksBuildPhase;
			buildActionMask = 2147483647;
			files = (
			);
			runOnlyForDeploymentPostprocessing = 0;
		};
/* End PBXFrameworksBuildPhase section */

/* Begin PBXGroup section */
		D1ABA0DA216795DF00DD5DF4 = {
			isa = PBXGroup;
			children = (
				D1ABA1332167A46400DD5DF4 /* BlurKit.xcodeproj */,
				D1ABA0E5216795DF00DD5DF4 /* Demo */,
				D1ABA0FA216795E000DD5DF4 /* DemoTests */,
				D1ABA105216795E000DD5DF4 /* DemoUITests */,
				D1ABA0E4216795DF00DD5DF4 /* Products */,
			);
			sourceTree = "<group>";
		};
		D1ABA0E4216795DF00DD5DF4 /* Products */ = {
			isa = PBXGroup;
			children = (
				D1ABA0E3216795DF00DD5DF4 /* Demo.app */,
				D1ABA0F7216795E000DD5DF4 /* DemoTests.xctest */,
				D1ABA102216795E000DD5DF4 /* DemoUITests.xctest */,
			);
			name = Products;
			sourceTree = "<group>";
		};
		D1ABA0E5216795DF00DD5DF4 /* Demo */ = {
			isa = PBXGroup;
			children = (
				D1ABA0E6216795DF00DD5DF4 /* AppDelegate.swift */,
				D1ABA0E8216795DF00DD5DF4 /* ViewController.swift */,
				D1ABA0EA216795DF00DD5DF4 /* Main.storyboard */,
				D1ABA0ED216795E000DD5DF4 /* Assets.xcassets */,
				D1ABA0EF216795E000DD5DF4 /* LaunchScreen.storyboard */,
				D1ABA0F2216795E000DD5DF4 /* Info.plist */,
			);
			path = Demo;
			sourceTree = "<group>";
		};
		D1ABA0FA216795E000DD5DF4 /* DemoTests */ = {
			isa = PBXGroup;
			children = (
				D1ABA0FB216795E000DD5DF4 /* DemoTests.swift */,
				D1ABA0FD216795E000DD5DF4 /* Info.plist */,
			);
			path = DemoTests;
			sourceTree = "<group>";
		};
		D1ABA105216795E000DD5DF4 /* DemoUITests */ = {
			isa = PBXGroup;
			children = (
				D1ABA106216795E000DD5DF4 /* DemoUITests.swift */,
				D1ABA108216795E000DD5DF4 /* Info.plist */,
			);
			path = DemoUITests;
			sourceTree = "<group>";
		};
		D1ABA1342167A46400DD5DF4 /* Products */ = {
			isa = PBXGroup;
			children = (
				D1ABA1382167A46400DD5DF4 /* BlurKit.framework */,
			);
			name = Products;
			sourceTree = "<group>";
		};
/* End PBXGroup section */

/* Begin PBXNativeTarget section */
		D1ABA0E2216795DF00DD5DF4 /* Demo */ = {
			isa = PBXNativeTarget;
			buildConfigurationList = D1ABA10B216795E000DD5DF4 /* Build configuration list for PBXNativeTarget "Demo" */;
			buildPhases = (
				D1ABA0DF216795DF00DD5DF4 /* Sources */,
				D1ABA0E0216795DF00DD5DF4 /* Frameworks */,
				D1ABA0E1216795DF00DD5DF4 /* Resources */,
				D1ABA13D2167A49B00DD5DF4 /* Embed Frameworks */,
			);
			buildRules = (
			);
			dependencies = (
				D1ABA13C2167A49B00DD5DF4 /* PBXTargetDependency */,
			);
			name = Demo;
			productName = Demo;
			productReference = D1ABA0E3216795DF00DD5DF4 /* Demo.app */;
			productType = "com.apple.product-type.application";
		};
		D1ABA0F6216795E000DD5DF4 /* DemoTests */ = {
			isa = PBXNativeTarget;
			buildConfigurationList = D1ABA10E216795E000DD5DF4 /* Build configuration list for PBXNativeTarget "DemoTests" */;
			buildPhases = (
				D1ABA0F3216795E000DD5DF4 /* Sources */,
				D1ABA0F4216795E000DD5DF4 /* Frameworks */,
				D1ABA0F5216795E000DD5DF4 /* Resources */,
			);
			buildRules = (
			);
			dependencies = (
				D1ABA0F9216795E000DD5DF4 /* PBXTargetDependency */,
			);
			name = DemoTests;
			productName = DemoTests;
			productReference = D1ABA0F7216795E000DD5DF4 /* DemoTests.xctest */;
			productType = "com.apple.product-type.bundle.unit-test";
		};
		D1ABA101216795E000DD5DF4 /* DemoUITests */ = {
			isa = PBXNativeTarget;
			buildConfigurationList = D1ABA111216795E000DD5DF4 /* Build configuration list for PBXNativeTarget "DemoUITests" */;
			buildPhases = (
				D1ABA0FE216795E000DD5DF4 /* Sources */,
				D1ABA0FF216795E000DD5DF4 /* Frameworks */,
				D1ABA100216795E000DD5DF4 /* Resources */,
			);
			buildRules = (
			);
			dependencies = (
				D1ABA104216795E000DD5DF4 /* PBXTargetDependency */,
			);
			name = DemoUITests;
			productName = DemoUITests;
			productReference = D1ABA102216795E000DD5DF4 /* DemoUITests.xctest */;
			productType = "com.apple.product-type.bundle.ui-testing";
		};
/* End PBXNativeTarget section */

/* Begin PBXProject section */
		D1ABA0DB216795DF00DD5DF4 /* Project object */ = {
			isa = PBXProject;
			attributes = {
				LastSwiftUpdateCheck = 1000;
				LastUpgradeCheck = 1000;
				ORGANIZATIONNAME = "Yuto Akiba";
				TargetAttributes = {
					D1ABA0E2216795DF00DD5DF4 = {
						CreatedOnToolsVersion = 10.0;
					};
					D1ABA0F6216795E000DD5DF4 = {
						CreatedOnToolsVersion = 10.0;
						TestTargetID = D1ABA0E2216795DF00DD5DF4;
					};
					D1ABA101216795E000DD5DF4 = {
						CreatedOnToolsVersion = 10.0;
						TestTargetID = D1ABA0E2216795DF00DD5DF4;
					};
				};
			};
			buildConfigurationList = D1ABA0DE216795DF00DD5DF4 /* Build configuration list for PBXProject "Demo" */;
			compatibilityVersion = "Xcode 9.3";
			developmentRegion = en;
			hasScannedForEncodings = 0;
			knownRegions = (
				en,
				Base,
			);
			mainGroup = D1ABA0DA216795DF00DD5DF4;
			productRefGroup = D1ABA0E4216795DF00DD5DF4 /* Products */;
			projectDirPath = "";
			projectReferences = (
				{
					ProductGroup = D1ABA1342167A46400DD5DF4 /* Products */;
					ProjectRef = D1ABA1332167A46400DD5DF4 /* BlurKit.xcodeproj */;
				},
			);
			projectRoot = "";
			targets = (
				D1ABA0E2216795DF00DD5DF4 /* Demo */,
				D1ABA0F6216795E000DD5DF4 /* DemoTests */,
				D1ABA101216795E000DD5DF4 /* DemoUITests */,
			);
		};
/* End PBXProject section */

/* Begin PBXReferenceProxy section */
		D1ABA1382167A46400DD5DF4 /* BlurKit.framework */ = {
			isa = PBXReferenceProxy;
			fileType = wrapper.framework;
			path = BlurKit.framework;
			remoteRef = D1ABA1372167A46400DD5DF4 /* PBXContainerItemProxy */;
			sourceTree = BUILT_PRODUCTS_DIR;
		};
/* End PBXReferenceProxy section */

/* Begin PBXResourcesBuildPhase section */
		D1ABA0E1216795DF00DD5DF4 /* Resources */ = {
			isa = PBXResourcesBuildPhase;
			buildActionMask = 2147483647;
			files = (
				D1ABA0F1216795E000DD5DF4 /* LaunchScreen.storyboard in Resources */,
				D1ABA0EE216795E000DD5DF4 /* Assets.xcassets in Resources */,
				D1ABA0EC216795DF00DD5DF4 /* Main.storyboard in Resources */,
			);
			runOnlyForDeploymentPostprocessing = 0;
		};
		D1ABA0F5216795E000DD5DF4 /* Resources */ = {
			isa = PBXResourcesBuildPhase;
			buildActionMask = 2147483647;
			files = (
			);
			runOnlyForDeploymentPostprocessing = 0;
		};
		D1ABA100216795E000DD5DF4 /* Resources */ = {
			isa = PBXResourcesBuildPhase;
			buildActionMask = 2147483647;
			files = (
			);
			runOnlyForDeploymentPostprocessing = 0;
		};
/* End PBXResourcesBuildPhase section */

/* Begin PBXSourcesBuildPhase section */
		D1ABA0DF216795DF00DD5DF4 /* Sources */ = {
			isa = PBXSourcesBuildPhase;
			buildActionMask = 2147483647;
			files = (
				D1ABA0E9216795DF00DD5DF4 /* ViewController.swift in Sources */,
				D1ABA0E7216795DF00DD5DF4 /* AppDelegate.swift in Sources */,
			);
			runOnlyForDeploymentPostprocessing = 0;
		};
		D1ABA0F3216795E000DD5DF4 /* Sources */ = {
			isa = PBXSourcesBuildPhase;
			buildActionMask = 2147483647;
			files = (
				D1ABA0FC216795E000DD5DF4 /* DemoTests.swift in Sources */,
			);
			runOnlyForDeploymentPostprocessing = 0;
		};
		D1ABA0FE216795E000DD5DF4 /* Sources */ = {
			isa = PBXSourcesBuildPhase;
			buildActionMask = 2147483647;
			files = (
				D1ABA107216795E000DD5DF4 /* DemoUITests.swift in Sources */,
			);
			runOnlyForDeploymentPostprocessing = 0;
		};
/* End PBXSourcesBuildPhase section */

/* Begin PBXTargetDependency section */
		D1ABA0F9216795E000DD5DF4 /* PBXTargetDependency */ = {
			isa = PBXTargetDependency;
			target = D1ABA0E2216795DF00DD5DF4 /* Demo */;
			targetProxy = D1ABA0F8216795E000DD5DF4 /* PBXContainerItemProxy */;
		};
		D1ABA104216795E000DD5DF4 /* PBXTargetDependency */ = {
			isa = PBXTargetDependency;
			target = D1ABA0E2216795DF00DD5DF4 /* Demo */;
			targetProxy = D1ABA103216795E000DD5DF4 /* PBXContainerItemProxy */;
		};
		D1ABA13C2167A49B00DD5DF4 /* PBXTargetDependency */ = {
			isa = PBXTargetDependency;
			name = BlurKit;
			targetProxy = D1ABA13B2167A49B00DD5DF4 /* PBXContainerItemProxy */;
		};
/* End PBXTargetDependency section */

/* Begin PBXVariantGroup section */
		D1ABA0EA216795DF00DD5DF4 /* Main.storyboard */ = {
			isa = PBXVariantGroup;
			children = (
				D1ABA0EB216795DF00DD5DF4 /* Base */,
			);
			name = Main.storyboard;
			sourceTree = "<group>";
		};
		D1ABA0EF216795E000DD5DF4 /* LaunchScreen.storyboard */ = {
			isa = PBXVariantGroup;
			children = (
				D1ABA0F0216795E000DD5DF4 /* Base */,
			);
			name = LaunchScreen.storyboard;
			sourceTree = "<group>";
		};
/* End PBXVariantGroup section */

/* Begin XCBuildConfiguration section */
		D1ABA109216795E000DD5DF4 /* Debug */ = {
			isa = XCBuildConfiguration;
			buildSettings = {
				ALWAYS_SEARCH_USER_PATHS = NO;
				CLANG_ANALYZER_NONNULL = YES;
				CLANG_ANALYZER_NUMBER_OBJECT_CONVERSION = YES_AGGRESSIVE;
				CLANG_CXX_LANGUAGE_STANDARD = "gnu++14";
				CLANG_CXX_LIBRARY = "libc++";
				CLANG_ENABLE_MODULES = YES;
				CLANG_ENABLE_OBJC_ARC = YES;
				CLANG_ENABLE_OBJC_WEAK = YES;
				CLANG_WARN_BLOCK_CAPTURE_AUTORELEASING = YES;
				CLANG_WARN_BOOL_CONVERSION = YES;
				CLANG_WARN_COMMA = YES;
				CLANG_WARN_CONSTANT_CONVERSION = YES;
				CLANG_WARN_DEPRECATED_OBJC_IMPLEMENTATIONS = YES;
				CLANG_WARN_DIRECT_OBJC_ISA_USAGE = YES_ERROR;
				CLANG_WARN_DOCUMENTATION_COMMENTS = YES;
				CLANG_WARN_EMPTY_BODY = YES;
				CLANG_WARN_ENUM_CONVERSION = YES;
				CLANG_WARN_INFINITE_RECURSION = YES;
				CLANG_WARN_INT_CONVERSION = YES;
				CLANG_WARN_NON_LITERAL_NULL_CONVERSION = YES;
				CLANG_WARN_OBJC_IMPLICIT_RETAIN_SELF = YES;
				CLANG_WARN_OBJC_LITERAL_CONVERSION = YES;
				CLANG_WARN_OBJC_ROOT_CLASS = YES_ERROR;
				CLANG_WARN_RANGE_LOOP_ANALYSIS = YES;
				CLANG_WARN_STRICT_PROTOTYPES = YES;
				CLANG_WARN_SUSPICIOUS_MOVE = YES;
				CLANG_WARN_UNGUARDED_AVAILABILITY = YES_AGGRESSIVE;
				CLANG_WARN_UNREACHABLE_CODE = YES;
				CLANG_WARN__DUPLICATE_METHOD_MATCH = YES;
				CODE_SIGN_IDENTITY = "iPhone Developer";
				COPY_PHASE_STRIP = NO;
				DEBUG_INFORMATION_FORMAT = dwarf;
				ENABLE_STRICT_OBJC_MSGSEND = YES;
				ENABLE_TESTABILITY = YES;
				GCC_C_LANGUAGE_STANDARD = gnu11;
				GCC_DYNAMIC_NO_PIC = NO;
				GCC_NO_COMMON_BLOCKS = YES;
				GCC_OPTIMIZATION_LEVEL = 0;
				GCC_PREPROCESSOR_DEFINITIONS = (
					"DEBUG=1",
					"$(inherited)",
				);
				GCC_WARN_64_TO_32_BIT_CONVERSION = YES;
				GCC_WARN_ABOUT_RETURN_TYPE = YES_ERROR;
				GCC_WARN_UNDECLARED_SELECTOR = YES;
				GCC_WARN_UNINITIALIZED_AUTOS = YES_AGGRESSIVE;
				GCC_WARN_UNUSED_FUNCTION = YES;
				GCC_WARN_UNUSED_VARIABLE = YES;
				IPHONEOS_DEPLOYMENT_TARGET = 12.0;
				MTL_ENABLE_DEBUG_INFO = INCLUDE_SOURCE;
				MTL_FAST_MATH = YES;
				ONLY_ACTIVE_ARCH = YES;
				SDKROOT = iphoneos;
				SWIFT_ACTIVE_COMPILATION_CONDITIONS = DEBUG;
				SWIFT_OPTIMIZATION_LEVEL = "-Onone";
			};
			name = Debug;
		};
		D1ABA10A216795E000DD5DF4 /* Release */ = {
			isa = XCBuildConfiguration;
			buildSettings = {
				ALWAYS_SEARCH_USER_PATHS = NO;
				CLANG_ANALYZER_NONNULL = YES;
				CLANG_ANALYZER_NUMBER_OBJECT_CONVERSION = YES_AGGRESSIVE;
				CLANG_CXX_LANGUAGE_STANDARD = "gnu++14";
				CLANG_CXX_LIBRARY = "libc++";
				CLANG_ENABLE_MODULES = YES;
				CLANG_ENABLE_OBJC_ARC = YES;
				CLANG_ENABLE_OBJC_WEAK = YES;
				CLANG_WARN_BLOCK_CAPTURE_AUTORELEASING = YES;
				CLANG_WARN_BOOL_CONVERSION = YES;
				CLANG_WARN_COMMA = YES;
				CLANG_WARN_CONSTANT_CONVERSION = YES;
				CLANG_WARN_DEPRECATED_OBJC_IMPLEMENTATIONS = YES;
				CLANG_WARN_DIRECT_OBJC_ISA_USAGE = YES_ERROR;
				CLANG_WARN_DOCUMENTATION_COMMENTS = YES;
				CLANG_WARN_EMPTY_BODY = YES;
				CLANG_WARN_ENUM_CONVERSION = YES;
				CLANG_WARN_INFINITE_RECURSION = YES;
				CLANG_WARN_INT_CONVERSION = YES;
				CLANG_WARN_NON_LITERAL_NULL_CONVERSION = YES;
				CLANG_WARN_OBJC_IMPLICIT_RETAIN_SELF = YES;
				CLANG_WARN_OBJC_LITERAL_CONVERSION = YES;
				CLANG_WARN_OBJC_ROOT_CLASS = YES_ERROR;
				CLANG_WARN_RANGE_LOOP_ANALYSIS = YES;
				CLANG_WARN_STRICT_PROTOTYPES = YES;
				CLANG_WARN_SUSPICIOUS_MOVE = YES;
				CLANG_WARN_UNGUARDED_AVAILABILITY = YES_AGGRESSIVE;
				CLANG_WARN_UNREACHABLE_CODE = YES;
				CLANG_WARN__DUPLICATE_METHOD_MATCH = YES;
				CODE_SIGN_IDENTITY = "iPhone Developer";
				COPY_PHASE_STRIP = NO;
				DEBUG_INFORMATION_FORMAT = "dwarf-with-dsym";
				ENABLE_NS_ASSERTIONS = NO;
				ENABLE_STRICT_OBJC_MSGSEND = YES;
				GCC_C_LANGUAGE_STANDARD = gnu11;
				GCC_NO_COMMON_BLOCKS = YES;
				GCC_WARN_64_TO_32_BIT_CONVERSION = YES;
				GCC_WARN_ABOUT_RETURN_TYPE = YES_ERROR;
				GCC_WARN_UNDECLARED_SELECTOR = YES;
				GCC_WARN_UNINITIALIZED_AUTOS = YES_AGGRESSIVE;
				GCC_WARN_UNUSED_FUNCTION = YES;
				GCC_WARN_UNUSED_VARIABLE = YES;
				IPHONEOS_DEPLOYMENT_TARGET = 12.0;
				MTL_ENABLE_DEBUG_INFO = NO;
				MTL_FAST_MATH = YES;
				SDKROOT = iphoneos;
				SWIFT_COMPILATION_MODE = wholemodule;
				SWIFT_OPTIMIZATION_LEVEL = "-O";
				VALIDATE_PRODUCT = YES;
			};
			name = Release;
		};
		D1ABA10C216795E000DD5DF4 /* Debug */ = {
			isa = XCBuildConfiguration;
			buildSettings = {
				ALWAYS_EMBED_SWIFT_STANDARD_LIBRARIES = YES;
				ASSETCATALOG_COMPILER_APPICON_NAME = AppIcon;
				CODE_SIGN_STYLE = Automatic;
				DEVELOPMENT_TEAM = V8AZ23YEL4;
				INFOPLIST_FILE = Demo/Info.plist;
				LD_RUNPATH_SEARCH_PATHS = (
					"$(inherited)",
					"@executable_path/Frameworks",
				);
				PRODUCT_BUNDLE_IDENTIFIER = com.YutoAkiba.Demo;
				PRODUCT_NAME = "$(TARGET_NAME)";
				SWIFT_VERSION = 4.2;
				TARGETED_DEVICE_FAMILY = "1,2";
			};
			name = Debug;
		};
		D1ABA10D216795E000DD5DF4 /* Release */ = {
			isa = XCBuildConfiguration;
			buildSettings = {
				ALWAYS_EMBED_SWIFT_STANDARD_LIBRARIES = YES;
				ASSETCATALOG_COMPILER_APPICON_NAME = AppIcon;
				CODE_SIGN_STYLE = Automatic;
				DEVELOPMENT_TEAM = V8AZ23YEL4;
				INFOPLIST_FILE = Demo/Info.plist;
				LD_RUNPATH_SEARCH_PATHS = (
					"$(inherited)",
					"@executable_path/Frameworks",
				);
				PRODUCT_BUNDLE_IDENTIFIER = com.YutoAkiba.Demo;
				PRODUCT_NAME = "$(TARGET_NAME)";
				SWIFT_VERSION = 4.2;
				TARGETED_DEVICE_FAMILY = "1,2";
			};
			name = Release;
		};
		D1ABA10F216795E000DD5DF4 /* Debug */ = {
			isa = XCBuildConfiguration;
			buildSettings = {
				ALWAYS_EMBED_SWIFT_STANDARD_LIBRARIES = YES;
				BUNDLE_LOADER = "$(TEST_HOST)";
				CODE_SIGN_STYLE = Automatic;
				DEVELOPMENT_TEAM = V8AZ23YEL4;
				INFOPLIST_FILE = DemoTests/Info.plist;
				LD_RUNPATH_SEARCH_PATHS = (
					"$(inherited)",
					"@executable_path/Frameworks",
					"@loader_path/Frameworks",
				);
				PRODUCT_BUNDLE_IDENTIFIER = com.YutoAkiba.DemoTests;
				PRODUCT_NAME = "$(TARGET_NAME)";
				SWIFT_VERSION = 4.2;
				TARGETED_DEVICE_FAMILY = "1,2";
				TEST_HOST = "$(BUILT_PRODUCTS_DIR)/Demo.app/Demo";
			};
			name = Debug;
		};
		D1ABA110216795E000DD5DF4 /* Release */ = {
			isa = XCBuildConfiguration;
			buildSettings = {
				ALWAYS_EMBED_SWIFT_STANDARD_LIBRARIES = YES;
				BUNDLE_LOADER = "$(TEST_HOST)";
				CODE_SIGN_STYLE = Automatic;
				DEVELOPMENT_TEAM = V8AZ23YEL4;
				INFOPLIST_FILE = DemoTests/Info.plist;
				LD_RUNPATH_SEARCH_PATHS = (
					"$(inherited)",
					"@executable_path/Frameworks",
					"@loader_path/Frameworks",
				);
				PRODUCT_BUNDLE_IDENTIFIER = com.YutoAkiba.DemoTests;
				PRODUCT_NAME = "$(TARGET_NAME)";
				SWIFT_VERSION = 4.2;
				TARGETED_DEVICE_FAMILY = "1,2";
				TEST_HOST = "$(BUILT_PRODUCTS_DIR)/Demo.app/Demo";
			};
			name = Release;
		};
		D1ABA112216795E000DD5DF4 /* Debug */ = {
			isa = XCBuildConfiguration;
			buildSettings = {
				ALWAYS_EMBED_SWIFT_STANDARD_LIBRARIES = YES;
				CODE_SIGN_STYLE = Automatic;
				DEVELOPMENT_TEAM = V8AZ23YEL4;
				INFOPLIST_FILE = DemoUITests/Info.plist;
				LD_RUNPATH_SEARCH_PATHS = (
					"$(inherited)",
					"@executable_path/Frameworks",
					"@loader_path/Frameworks",
				);
				PRODUCT_BUNDLE_IDENTIFIER = com.YutoAkiba.DemoUITests;
				PRODUCT_NAME = "$(TARGET_NAME)";
				SWIFT_VERSION = 4.2;
				TARGETED_DEVICE_FAMILY = "1,2";
				TEST_TARGET_NAME = Demo;
			};
			name = Debug;
		};
		D1ABA113216795E000DD5DF4 /* Release */ = {
			isa = XCBuildConfiguration;
			buildSettings = {
				ALWAYS_EMBED_SWIFT_STANDARD_LIBRARIES = YES;
				CODE_SIGN_STYLE = Automatic;
				DEVELOPMENT_TEAM = V8AZ23YEL4;
				INFOPLIST_FILE = DemoUITests/Info.plist;
				LD_RUNPATH_SEARCH_PATHS = (
					"$(inherited)",
					"@executable_path/Frameworks",
					"@loader_path/Frameworks",
				);
				PRODUCT_BUNDLE_IDENTIFIER = com.YutoAkiba.DemoUITests;
				PRODUCT_NAME = "$(TARGET_NAME)";
				SWIFT_VERSION = 4.2;
				TARGETED_DEVICE_FAMILY = "1,2";
				TEST_TARGET_NAME = Demo;
			};
			name = Release;
		};
/* End XCBuildConfiguration section */

/* Begin XCConfigurationList section */
		D1ABA0DE216795DF00DD5DF4 /* Build configuration list for PBXProject "Demo" */ = {
			isa = XCConfigurationList;
			buildConfigurations = (
				D1ABA109216795E000DD5DF4 /* Debug */,
				D1ABA10A216795E000DD5DF4 /* Release */,
			);
			defaultConfigurationIsVisible = 0;
			defaultConfigurationName = Release;
		};
		D1ABA10B216795E000DD5DF4 /* Build configuration list for PBXNativeTarget "Demo" */ = {
			isa = XCConfigurationList;
			buildConfigurations = (
				D1ABA10C216795E000DD5DF4 /* Debug */,
				D1ABA10D216795E000DD5DF4 /* Release */,
			);
			defaultConfigurationIsVisible = 0;
			defaultConfigurationName = Release;
		};
		D1ABA10E216795E000DD5DF4 /* Build configuration list for PBXNativeTarget "DemoTests" */ = {
			isa = XCConfigurationList;
			buildConfigurations = (
				D1ABA10F216795E000DD5DF4 /* Debug */,
				D1ABA110216795E000DD5DF4 /* Release */,
			);
			defaultConfigurationIsVisible = 0;
			defaultConfigurationName = Release;
		};
		D1ABA111216795E000DD5DF4 /* Build configuration list for PBXNativeTarget "DemoUITests" */ = {
			isa = XCConfigurationList;
			buildConfigurations = (
				D1ABA112216795E000DD5DF4 /* Debug */,
				D1ABA113216795E000DD5DF4 /* Release */,
			);
			defaultConfigurationIsVisible = 0;
			defaultConfigurationName = Release;
		};
/* End XCConfigurationList section */
	};
	rootObject = D1ABA0DB216795DF00DD5DF4 /* Project object */;
}
